
Microsoft Visual Studio Solution File, Format Version 12.00
# Visual Studio Version 16
VisualStudioVersion = 16.0.30413.136
MinimumVisualStudioVersion = 10.0.40219.1
Project("{9A19103F-16F7-4668-BE54-9A1E7A4F7556}") = "Docker.RandomGenerator.DataEntities", "Docker.RandomGenerator.DataEntities\Docker.RandomGenerator.DataEntities.csproj", "{68DEF0B7-B1CC-4697-9782-560B33615773}"
EndProject
Project("{9A19103F-16F7-4668-BE54-9A1E7A4F7556}") = "Docker.RandomGenerator.Interface", "Docker.RandomGenerator.Interface\Docker.RandomGenerator.Interface.csproj", "{B257C925-35F7-443E-954A-B2EC710FD279}"
EndProject
Project("{9A19103F-16F7-4668-BE54-9A1E7A4F7556}") = "Docker.RandomGenerator.Service", "Docker.RandomGenerator.Service\Docker.RandomGenerator.Service.csproj", "{22BFC2A8-244C-4402-AE1B-4FB03610CE96}"
EndProject
Project("{9A19103F-16F7-4668-BE54-9A1E7A4F7556}") = "Docker.RandomGenerator.Tests", "Docker.RandomGenerator.Tests\Docker.RandomGenerator.Tests.csproj", "{B35FF784-73C7-4C22-AE27-371AA3B7B526}"
EndProject
Project("{9A19103F-16F7-4668-BE54-9A1E7A4F7556}") = "Docker.RandomGenerator.Api", "Docker.RandomGenerator.Api\Docker.RandomGenerator.Api.csproj", "{B2182041-8745-46E3-9B15-5EABC1011916}"
EndProject
Project("{9A19103F-16F7-4668-BE54-9A1E7A4F7556}") = "Docker.RandomGenerator.WebApp", "Docker.RandomGenerator.WebApp\Docker.RandomGenerator.WebApp.csproj", "{A700E0B0-FE79-42A1-965C-E4DDF8B948EA}"
EndProject
Project("{E53339B2-1760-4266-BCC7-CA923CBCF16C}") = "docker-compose", "docker-compose.dcproj", "{30AA30B7-60D8-454B-9FBC-BBB2A52220AC}"
EndProject
Global
	GlobalSection(SolutionConfigurationPlatforms) = preSolution
		Debug|Any CPU = Debug|Any CPU
		Release|Any CPU = Release|Any CPU
	EndGlobalSection
	GlobalSection(ProjectConfigurationPlatforms) = postSolution
		{68DEF0B7-B1CC-4697-9782-560B33615773}.Debug|Any CPU.ActiveCfg = Debug|Any CPU
		{68DEF0B7-B1CC-4697-9782-560B33615773}.Debug|Any CPU.Build.0 = Debug|Any CPU
		{68DEF0B7-B1CC-4697-9782-560B33615773}.Release|Any CPU.ActiveCfg = Release|Any CPU
		{68DEF0B7-B1CC-4697-9782-560B33615773}.Release|Any CPU.Build.0 = Release|Any CPU
		{B257C925-35F7-443E-954A-B2EC710FD279}.Debug|Any CPU.ActiveCfg = Debug|Any CPU
		{B257C925-35F7-443E-954A-B2EC710FD279}.Debug|Any CPU.Build.0 = Debug|Any CPU
		{B257C925-35F7-443E-954A-B2EC710FD279}.Release|Any CPU.ActiveCfg = Release|Any CPU
		{B257C925-35F7-443E-954A-B2EC710FD279}.Release|Any CPU.Build.0 = Release|Any CPU
		{22BFC2A8-244C-4402-AE1B-4FB03610CE96}.Debug|Any CPU.ActiveCfg = Debug|Any CPU
		{22BFC2A8-244C-4402-AE1B-4FB03610CE96}.Debug|Any CPU.Build.0 = Debug|Any CPU
		{22BFC2A8-244C-4402-AE1B-4FB03610CE96}.Release|Any CPU.ActiveCfg = Release|Any CPU
		{22BFC2A8-244C-4402-AE1B-4FB03610CE96}.Release|Any CPU.Build.0 = Release|Any CPU
		{B35FF784-73C7-4C22-AE27-371AA3B7B526}.Debug|Any CPU.ActiveCfg = Debug|Any CPU
		{B35FF784-73C7-4C22-AE27-371AA3B7B526}.Debug|Any CPU.Build.0 = Debug|Any CPU
		{B35FF784-73C7-4C22-AE27-371AA3B7B526}.Release|Any CPU.ActiveCfg = Release|Any CPU
		{B35FF784-73C7-4C22-AE27-371AA3B7B526}.Release|Any CPU.Build.0 = Release|Any CPU
		{B2182041-8745-46E3-9B15-5EABC1011916}.Debug|Any CPU.ActiveCfg = Debug|Any CPU
		{B2182041-8745-46E3-9B15-5EABC1011916}.Debug|Any CPU.Build.0 = Debug|Any CPU
		{B2182041-8745-46E3-9B15-5EABC1011916}.Release|Any CPU.ActiveCfg = Release|Any CPU
		{B2182041-8745-46E3-9B15-5EABC1011916}.Release|Any CPU.Build.0 = Release|Any CPU
		{A700E0B0-FE79-42A1-965C-E4DDF8B948EA}.Debug|Any CPU.ActiveCfg = Debug|Any CPU
		{A700E0B0-FE79-42A1-965C-E4DDF8B948EA}.Debug|Any CPU.Build.0 = Debug|Any CPU
		{A700E0B0-FE79-42A1-965C-E4DDF8B948EA}.Release|Any CPU.ActiveCfg = Release|Any CPU
		{A700E0B0-FE79-42A1-965C-E4DDF8B948EA}.Release|Any CPU.Build.0 = Release|Any CPU
		{30AA30B7-60D8-454B-9FBC-BBB2A52220AC}.Debug|Any CPU.ActiveCfg = Debug|Any CPU
		{30AA30B7-60D8-454B-9FBC-BBB2A52220AC}.Debug|Any CPU.Build.0 = Debug|Any CPU
		{30AA30B7-60D8-454B-9FBC-BBB2A52220AC}.Release|Any CPU.ActiveCfg = Release|Any CPU
		{30AA30B7-60D8-454B-9FBC-BBB2A52220AC}.Release|Any CPU.Build.0 = Release|Any CPU
	EndGlobalSection
	GlobalSection(SolutionProperties) = preSolution
		HideSolutionNode = FALSE
	EndGlobalSection
	GlobalSection(ExtensibilityGlobals) = postSolution
		SolutionGuid = {F3C8ECD9-15D8-46B3-A3C7-3CF6550DCD88}
	EndGlobalSection
EndGlobal
